
Microsoft Visual Studio Solution File, Format Version 12.00
# Visual Studio Version 16
VisualStudioVersion = 16.0.29519.181
MinimumVisualStudioVersion = 10.0.40219.1
Project("{FAE04EC0-301F-11D3-BF4B-00C04F79EFBC}") = "DBMSAssignmentModule1", "DBMSAssignmentModule1\DBMSAssignmentModule1.csproj", "{DBB49848-678B-462C-ACE8-813CD7BAE8C7}"
EndProject
Global
	GlobalSection(SolutionConfigurationPlatforms) = preSolution
		Debug|Any CPU = Debug|Any CPU
		Release|Any CPU = Release|Any CPU
	EndGlobalSection
	GlobalSection(ProjectConfigurationPlatforms) = postSolution
		{DBB49848-678B-462C-ACE8-813CD7BAE8C7}.Debug|Any CPU.ActiveCfg = Debug|Any CPU
		{DBB49848-678B-462C-ACE8-813CD7BAE8C7}.Debug|Any CPU.Build.0 = Debug|Any CPU
		{DBB49848-678B-462C-ACE8-813CD7BAE8C7}.Release|Any CPU.ActiveCfg = Release|Any CPU
		{DBB49848-678B-462C-ACE8-813CD7BAE8C7}.Release|Any CPU.Build.0 = Release|Any CPU
	EndGlobalSection
	GlobalSection(SolutionProperties) = preSolution
		HideSolutionNode = FALSE
	EndGlobalSection
	GlobalSection(ExtensibilityGlobals) = postSolution
		SolutionGuid = {E9DEC756-1125-4EDC-87F5-95748C00DF22}
	EndGlobalSection
EndGlobal
